Microsoft Visual Studio Solution File, Format Version 12.00
# Visual Studio Version 17
VisualStudioVersion = 17.5.2.0
MinimumVisualStudioVersion = 10.0.40219.1
Project("{FAE04EC0-301F-11D3-BF4B-00C04F79EFBC}") = "Practika2_OPAM_Ubohyi_Stanislav", "Practika2_OPAM_Ubohyi_Stanislav.csproj", "{4EFA0E85-6354-F4E7-9CC9-E32BA529D792}"
EndProject
Global
	GlobalSection(SolutionConfigurationPlatforms) = preSolution
		Debug|Any CPU = Debug|Any CPU
		Release|Any CPU = Release|Any CPU
	EndGlobalSection
	GlobalSection(ProjectConfigurationPlatforms) = postSolution
		{4EFA0E85-6354-F4E7-9CC9-E32BA529D792}.Debug|Any CPU.ActiveCfg = Debug|Any CPU
		{4EFA0E85-6354-F4E7-9CC9-E32BA529D792}.Debug|Any CPU.Build.0 = Debug|Any CPU
		{4EFA0E85-6354-F4E7-9CC9-E32BA529D792}.Release|Any CPU.ActiveCfg = Release|Any CPU
		{4EFA0E85-6354-F4E7-9CC9-E32BA529D792}.Release|Any CPU.Build.0 = Release|Any CPU
	EndGlobalSection
	GlobalSection(SolutionProperties) = preSolution
		HideSolutionNode = FALSE
	EndGlobalSection
	GlobalSection(ExtensibilityGlobals) = postSolution
		SolutionGuid = {63862DD5-02B9-470F-AF3D-7DA24ED3E835}
	EndGlobalSection
EndGlobal
